
Microsoft Visual Studio Solution File, Format Version 12.00
# Visual Studio 15
VisualStudioVersion = 15.0.28307.705
MinimumVisualStudioVersion = 10.0.40219.1
Project("{FAE04EC0-301F-11D3-BF4B-00C04F79EFBC}") = "FlashcardURL.Android", "FlashcardURL\FlashcardURL.Android\FlashcardURL.Android.csproj", "{4357582B-FC00-4841-B202-BC031012263E}"
EndProject
Project("{FAE04EC0-301F-11D3-BF4B-00C04F79EFBC}") = "FlashcardURL.iOS", "FlashcardURL\FlashcardURL.iOS\FlashcardURL.iOS.csproj", "{764F5F19-8D2E-4141-B80E-6EAA3B1F3D8B}"
EndProject
Project("{FAE04EC0-301F-11D3-BF4B-00C04F79EFBC}") = "FlashcardURL", "FlashcardURL\FlashcardURL\FlashcardURL.csproj", "{5452C55B-9B50-4B52-8A69-419592443E6F}"
EndProject
Global
	GlobalSection(SolutionConfigurationPlatforms) = preSolution
		Ad-Hoc|Any CPU = Ad-Hoc|Any CPU
		Ad-Hoc|iPhone = Ad-Hoc|iPhone
		Ad-Hoc|iPhoneSimulator = Ad-Hoc|iPhoneSimulator
		AppStore|Any CPU = AppStore|Any CPU
		AppStore|iPhone = AppStore|iPhone
		AppStore|iPhoneSimulator = AppStore|iPhoneSimulator
		Debug|Any CPU = Debug|Any CPU
		Debug|iPhone = Debug|iPhone
		Debug|iPhoneSimulator = Debug|iPhoneSimulator
		Release|Any CPU = Release|Any CPU
		Release|iPhone = Release|iPhone
		Release|iPhoneSimulator = Release|iPhoneSimulator
	EndGlobalSection
	GlobalSection(ProjectConfigurationPlatforms) = postSolution
		{4357582B-FC00-4841-B202-BC031012263E}.Ad-Hoc|Any CPU.ActiveCfg = Release|Any CPU
		{4357582B-FC00-4841-B202-BC031012263E}.Ad-Hoc|Any CPU.Build.0 = Release|Any CPU
		{4357582B-FC00-4841-B202-BC031012263E}.Ad-Hoc|Any CPU.Deploy.0 = Release|Any CPU
		{4357582B-FC00-4841-B202-BC031012263E}.Ad-Hoc|iPhone.ActiveCfg = Release|Any CPU
		{4357582B-FC00-4841-B202-BC031012263E}.Ad-Hoc|iPhone.Build.0 = Release|Any CPU
		{4357582B-FC00-4841-B202-BC031012263E}.Ad-Hoc|iPhone.Deploy.0 = Release|Any CPU
		{4357582B-FC00-4841-B202-BC031012263E}.Ad-Hoc|iPhoneSimulator.ActiveCfg = Release|Any CPU
		{4357582B-FC00-4841-B202-BC031012263E}.Ad-Hoc|iPhoneSimulator.Build.0 = Release|Any CPU
		{4357582B-FC00-4841-B202-BC031012263E}.Ad-Hoc|iPhoneSimulator.Deploy.0 = Release|Any CPU
		{4357582B-FC00-4841-B202-BC031012263E}.AppStore|Any CPU.ActiveCfg = Release|Any CPU
		{4357582B-FC00-4841-B202-BC031012263E}.AppStore|Any CPU.Build.0 = Release|Any CPU
		{4357582B-FC00-4841-B202-BC031012263E}.AppStore|Any CPU.Deploy.0 = Release|Any CPU
		{4357582B-FC00-4841-B202-BC031012263E}.AppStore|iPhone.ActiveCfg = Release|Any CPU
		{4357582B-FC00-4841-B202-BC031012263E}.AppStore|iPhone.Build.0 = Release|Any CPU
		{4357582B-FC00-4841-B202-BC031012263E}.AppStore|iPhone.Deploy.0 = Release|Any CPU
		{4357582B-FC00-4841-B202-BC031012263E}.AppStore|iPhoneSimulator.ActiveCfg = Release|Any CPU
		{4357582B-FC00-4841-B202-BC031012263E}.AppStore|iPhoneSimulator.Build.0 = Release|Any CPU
		{4357582B-FC00-4841-B202-BC031012263E}.AppStore|iPhoneSimulator.Deploy.0 = Release|Any CPU
		{4357582B-FC00-4841-B202-BC031012263E}.Debug|Any CPU.ActiveCfg = Debug|Any CPU
		{4357582B-FC00-4841-B202-BC031012263E}.Debug|Any CPU.Build.0 = Debug|Any CPU
		{4357582B-FC00-4841-B202-BC031012263E}.Debug|Any CPU.Deploy.0 = Debug|Any CPU
		{4357582B-FC00-4841-B202-BC031012263E}.Debug|iPhone.ActiveCfg = Debug|Any CPU
		{4357582B-FC00-4841-B202-BC031012263E}.Debug|iPhone.Build.0 = Debug|Any CPU
		{4357582B-FC00-4841-B202-BC031012263E}.Debug|iPhone.Deploy.0 = Debug|Any CPU
		{4357582B-FC00-4841-B202-BC031012263E}.Debug|iPhoneSimulator.ActiveCfg = Debug|Any CPU
		{4357582B-FC00-4841-B202-BC031012263E}.Debug|iPhoneSimulator.Build.0 = Debug|Any CPU
		{4357582B-FC00-4841-B202-BC031012263E}.Debug|iPhoneSimulator.Deploy.0 = Debug|Any CPU
		{4357582B-FC00-4841-B202-BC031012263E}.Release|Any CPU.ActiveCfg = Release|Any CPU
		{4357582B-FC00-4841-B202-BC031012263E}.Release|Any CPU.Build.0 = Release|Any CPU
		{4357582B-FC00-4841-B202-BC031012263E}.Release|Any CPU.Deploy.0 = Release|Any CPU
		{4357582B-FC00-4841-B202-BC031012263E}.Release|iPhone.ActiveCfg = Release|Any CPU
		{4357582B-FC00-4841-B202-BC031012263E}.Release|iPhone.Build.0 = Release|Any CPU
		{4357582B-FC00-4841-B202-BC031012263E}.Release|iPhone.Deploy.0 = Release|Any CPU
		{4357582B-FC00-4841-B202-BC031012263E}.Release|iPhoneSimulator.ActiveCfg = Release|Any CPU
		{4357582B-FC00-4841-B202-BC031012263E}.Release|iPhoneSimulator.Build.0 = Release|Any CPU
		{4357582B-FC00-4841-B202-BC031012263E}.Release|iPhoneSimulator.Deploy.0 = Release|Any CPU
		{764F5F19-8D2E-4141-B80E-6EAA3B1F3D8B}.Ad-Hoc|Any CPU.ActiveCfg = Ad-Hoc|iPhone
		{764F5F19-8D2E-4141-B80E-6EAA3B1F3D8B}.Ad-Hoc|Any CPU.Build.0 = Ad-Hoc|iPhone
		{764F5F19-8D2E-4141-B80E-6EAA3B1F3D8B}.Ad-Hoc|Any CPU.Deploy.0 = Ad-Hoc|iPhone
		{764F5F19-8D2E-4141-B80E-6EAA3B1F3D8B}.Ad-Hoc|iPhone.ActiveCfg = Ad-Hoc|iPhone
		{764F5F19-8D2E-4141-B80E-6EAA3B1F3D8B}.Ad-Hoc|iPhone.Build.0 = Ad-Hoc|iPhone
		{764F5F19-8D2E-4141-B80E-6EAA3B1F3D8B}.Ad-Hoc|iPhone.Deploy.0 = Ad-Hoc|iPhone
		{764F5F19-8D2E-4141-B80E-6EAA3B1F3D8B}.Ad-Hoc|iPhoneSimulator.ActiveCfg = Ad-Hoc|iPhoneSimulator
		{764F5F19-8D2E-4141-B80E-6EAA3B1F3D8B}.Ad-Hoc|iPhoneSimulator.Build.0 = Ad-Hoc|iPhoneSimulator
		{764F5F19-8D2E-4141-B80E-6EAA3B1F3D8B}.Ad-Hoc|iPhoneSimulator.Deploy.0 = Ad-Hoc|iPhoneSimulator
		{764F5F19-8D2E-4141-B80E-6EAA3B1F3D8B}.AppStore|Any CPU.ActiveCfg = AppStore|iPhone
		{764F5F19-8D2E-4141-B80E-6EAA3B1F3D8B}.AppStore|Any CPU.Build.0 = AppStore|iPhone
		{764F5F19-8D2E-4141-B80E-6EAA3B1F3D8B}.AppStore|Any CPU.Deploy.0 = AppStore|iPhone
		{764F5F19-8D2E-4141-B80E-6EAA3B1F3D8B}.AppStore|iPhone.ActiveCfg = AppStore|iPhone
		{764F5F19-8D2E-4141-B80E-6EAA3B1F3D8B}.AppStore|iPhone.Build.0 = AppStore|iPhone
		{764F5F19-8D2E-4141-B80E-6EAA3B1F3D8B}.AppStore|iPhone.Deploy.0 = AppStore|iPhone
		{764F5F19-8D2E-4141-B80E-6EAA3B1F3D8B}.AppStore|iPhoneSimulator.ActiveCfg = AppStore|iPhoneSimulator
		{764F5F19-8D2E-4141-B80E-6EAA3B1F3D8B}.AppStore|iPhoneSimulator.Build.0 = AppStore|iPhoneSimulator
		{764F5F19-8D2E-4141-B80E-6EAA3B1F3D8B}.AppStore|iPhoneSimulator.Deploy.0 = AppStore|iPhoneSimulator
		{764F5F19-8D2E-4141-B80E-6EAA3B1F3D8B}.Debug|Any CPU.ActiveCfg = Debug|iPhoneSimulator
		{764F5F19-8D2E-4141-B80E-6EAA3B1F3D8B}.Debug|Any CPU.Build.0 = Debug|iPhoneSimulator
		{764F5F19-8D2E-4141-B80E-6EAA3B1F3D8B}.Debug|Any CPU.Deploy.0 = Debug|iPhoneSimulator
		{764F5F19-8D2E-4141-B80E-6EAA3B1F3D8B}.Debug|iPhone.ActiveCfg = Debug|iPhone
		{764F5F19-8D2E-4141-B80E-6EAA3B1F3D8B}.Debug|iPhone.Build.0 = Debug|iPhone
		{764F5F19-8D2E-4141-B80E-6EAA3B1F3D8B}.Debug|iPhone.Deploy.0 = Debug|iPhone
		{764F5F19-8D2E-4141-B80E-6EAA3B1F3D8B}.Debug|iPhoneSimulator.ActiveCfg = Debug|iPhoneSimulator
		{764F5F19-8D2E-4141-B80E-6EAA3B1F3D8B}.Debug|iPhoneSimulator.Build.0 = Debug|iPhoneSimulator
		{764F5F19-8D2E-4141-B80E-6EAA3B1F3D8B}.Debug|iPhoneSimulator.Deploy.0 = Debug|iPhoneSimulator
		{764F5F19-8D2E-4141-B80E-6EAA3B1F3D8B}.Release|Any CPU.ActiveCfg = Release|iPhone
		{764F5F19-8D2E-4141-B80E-6EAA3B1F3D8B}.Release|Any CPU.Build.0 = Release|iPhone
		{764F5F19-8D2E-4141-B80E-6EAA3B1F3D8B}.Release|Any CPU.Deploy.0 = Release|iPhone
		{764F5F19-8D2E-4141-B80E-6EAA3B1F3D8B}.Release|iPhone.ActiveCfg = Release|iPhone
		{764F5F19-8D2E-4141-B80E-6EAA3B1F3D8B}.Release|iPhone.Build.0 = Release|iPhone
		{764F5F19-8D2E-4141-B80E-6EAA3B1F3D8B}.Release|iPhone.Deploy.0 = Release|iPhone
		{764F5F19-8D2E-4141-B80E-6EAA3B1F3D8B}.Release|iPhoneSimulator.ActiveCfg = Release|iPhoneSimulator
		{764F5F19-8D2E-4141-B80E-6EAA3B1F3D8B}.Release|iPhoneSimulator.Build.0 = Release|iPhoneSimulator
		{764F5F19-8D2E-4141-B80E-6EAA3B1F3D8B}.Release|iPhoneSimulator.Deploy.0 = Release|iPhoneSimulator
		{5452C55B-9B50-4B52-8A69-419592443E6F}.Ad-Hoc|Any CPU.ActiveCfg = Debug|Any CPU
		{5452C55B-9B50-4B52-8A69-419592443E6F}.Ad-Hoc|Any CPU.Build.0 = Debug|Any CPU
		{5452C55B-9B50-4B52-8A69-419592443E6F}.Ad-Hoc|Any CPU.Deploy.0 = Debug|Any CPU
		{5452C55B-9B50-4B52-8A69-419592443E6F}.Ad-Hoc|iPhone.ActiveCfg = Debug|Any CPU
		{5452C55B-9B50-4B52-8A69-419592443E6F}.Ad-Hoc|iPhone.Build.0 = Debug|Any CPU
		{5452C55B-9B50-4B52-8A69-419592443E6F}.Ad-Hoc|iPhone.Deploy.0 = Debug|Any CPU
		{5452C55B-9B50-4B52-8A69-419592443E6F}.Ad-Hoc|iPhoneSimulator.ActiveCfg = Debug|Any CPU
		{5452C55B-9B50-4B52-8A69-419592443E6F}.Ad-Hoc|iPhoneSimulator.Build.0 = Debug|Any CPU
		{5452C55B-9B50-4B52-8A69-419592443E6F}.Ad-Hoc|iPhoneSimulator.Deploy.0 = Debug|Any CPU
		{5452C55B-9B50-4B52-8A69-419592443E6F}.AppStore|Any CPU.ActiveCfg = Debug|Any CPU
		{5452C55B-9B50-4B52-8A69-419592443E6F}.AppStore|Any CPU.Build.0 = Debug|Any CPU
		{5452C55B-9B50-4B52-8A69-419592443E6F}.AppStore|Any CPU.Deploy.0 = Debug|Any CPU
		{5452C55B-9B50-4B52-8A69-419592443E6F}.AppStore|iPhone.ActiveCfg = Debug|Any CPU
		{5452C55B-9B50-4B52-8A69-419592443E6F}.AppStore|iPhone.Build.0 = Debug|Any CPU
		{5452C55B-9B50-4B52-8A69-419592443E6F}.AppStore|iPhone.Deploy.0 = Debug|Any CPU
		{5452C55B-9B50-4B52-8A69-419592443E6F}.AppStore|iPhoneSimulator.ActiveCfg = Debug|Any CPU
		{5452C55B-9B50-4B52-8A69-419592443E6F}.AppStore|iPhoneSimulator.Build.0 = Debug|Any CPU
		{5452C55B-9B50-4B52-8A69-419592443E6F}.AppStore|iPhoneSimulator.Deploy.0 = Debug|Any CPU
		{5452C55B-9B50-4B52-8A69-419592443E6F}.Debug|Any CPU.ActiveCfg = Debug|Any CPU
		{5452C55B-9B50-4B52-8A69-419592443E6F}.Debug|Any CPU.Build.0 = Debug|Any CPU
		{5452C55B-9B50-4B52-8A69-419592443E6F}.Debug|Any CPU.Deploy.0 = Debug|Any CPU
		{5452C55B-9B50-4B52-8A69-419592443E6F}.Debug|iPhone.ActiveCfg = Debug|Any CPU
		{5452C55B-9B50-4B52-8A69-419592443E6F}.Debug|iPhone.Build.0 = Debug|Any CPU
		{5452C55B-9B50-4B52-8A69-419592443E6F}.Debug|iPhone.Deploy.0 = Debug|Any CPU
		{5452C55B-9B50-4B52-8A69-419592443E6F}.Debug|iPhoneSimulator.ActiveCfg = Debug|Any CPU
		{5452C55B-9B50-4B52-8A69-419592443E6F}.Debug|iPhoneSimulator.Build.0 = Debug|Any CPU
		{5452C55B-9B50-4B52-8A69-419592443E6F}.Debug|iPhoneSimulator.Deploy.0 = Debug|Any CPU
		{5452C55B-9B50-4B52-8A69-419592443E6F}.Release|Any CPU.ActiveCfg = Release|Any CPU
		{5452C55B-9B50-4B52-8A69-419592443E6F}.Release|Any CPU.Build.0 = Release|Any CPU
		{5452C55B-9B50-4B52-8A69-419592443E6F}.Release|Any CPU.Deploy.0 = Release|Any CPU
		{5452C55B-9B50-4B52-8A69-419592443E6F}.Release|iPhone.ActiveCfg = Release|Any CPU
		{5452C55B-9B50-4B52-8A69-419592443E6F}.Release|iPhone.Build.0 = Release|Any CPU
		{5452C55B-9B50-4B52-8A69-419592443E6F}.Release|iPhone.Deploy.0 = Release|Any CPU
		{5452C55B-9B50-4B52-8A69-419592443E6F}.Release|iPhoneSimulator.ActiveCfg = Release|Any CPU
		{5452C55B-9B50-4B52-8A69-419592443E6F}.Release|iPhoneSimulator.Build.0 = Release|Any CPU
		{5452C55B-9B50-4B52-8A69-419592443E6F}.Release|iPhoneSimulator.Deploy.0 = Release|Any CPU
	EndGlobalSection
	GlobalSection(SolutionProperties) = preSolution
		HideSolutionNode = FALSE
	EndGlobalSection
	GlobalSection(ExtensibilityGlobals) = postSolution
		SolutionGuid = {CB0A74B4-2477-47E6-B88A-921A33E79E7E}
	EndGlobalSection
EndGlobal
